
Microsoft Visual Studio Solution File, Format Version 12.00
# Visual Studio Version 16
VisualStudioVersion = 16.0.30204.135
MinimumVisualStudioVersion = 10.0.40219.1
Project("{FAE04EC0-301F-11D3-BF4B-00C04F79EFBC}") = "FlyweightParticles", "FlyweightParticles\FlyweightParticles.csproj", "{707CDF03-F319-4D3D-8FFC-BC6DFE9A76BE}"
EndProject
Global
	GlobalSection(SolutionConfigurationPlatforms) = preSolution
		Debug|Any CPU = Debug|Any CPU
		Release|Any CPU = Release|Any CPU
	EndGlobalSection
	GlobalSection(ProjectConfigurationPlatforms) = postSolution
		{707CDF03-F319-4D3D-8FFC-BC6DFE9A76BE}.Debug|Any CPU.ActiveCfg = Debug|Any CPU
		{707CDF03-F319-4D3D-8FFC-BC6DFE9A76BE}.Debug|Any CPU.Build.0 = Debug|Any CPU
		{707CDF03-F319-4D3D-8FFC-BC6DFE9A76BE}.Release|Any CPU.ActiveCfg = Release|Any CPU
		{707CDF03-F319-4D3D-8FFC-BC6DFE9A76BE}.Release|Any CPU.Build.0 = Release|Any CPU
	EndGlobalSection
	GlobalSection(SolutionProperties) = preSolution
		HideSolutionNode = FALSE
	EndGlobalSection
	GlobalSection(ExtensibilityGlobals) = postSolution
		SolutionGuid = {4694A7A0-8426-4569-ABFA-CB7192C3BD23}
	EndGlobalSection
EndGlobal
